
Microsoft Visual Studio Solution File, Format Version 12.00
# Visual Studio Version 17
VisualStudioVersion = 17.14.36518.9 d17.14
MinimumVisualStudioVersion = 10.0.40219.1
Project("{FAE04EC0-301F-11D3-BF4B-00C04F79EFBC}") = "TecnomBoxes", "TecnomBoxes.csproj", "{3D50B2B0-6661-4920-99A0-E8600A111A04}"
EndProject
Global
	GlobalSection(SolutionConfigurationPlatforms) = preSolution
		Debug|Any CPU = Debug|Any CPU
		Release|Any CPU = Release|Any CPU
	EndGlobalSection
	GlobalSection(ProjectConfigurationPlatforms) = postSolution
		{3D50B2B0-6661-4920-99A0-E8600A111A04}.Debug|Any CPU.ActiveCfg = Debug|Any CPU
		{3D50B2B0-6661-4920-99A0-E8600A111A04}.Debug|Any CPU.Build.0 = Debug|Any CPU
		{3D50B2B0-6661-4920-99A0-E8600A111A04}.Release|Any CPU.ActiveCfg = Release|Any CPU
		{3D50B2B0-6661-4920-99A0-E8600A111A04}.Release|Any CPU.Build.0 = Release|Any CPU
	EndGlobalSection
	GlobalSection(SolutionProperties) = preSolution
		HideSolutionNode = FALSE
	EndGlobalSection
	GlobalSection(ExtensibilityGlobals) = postSolution
		SolutionGuid = {EA8A2972-915F-4D00-86E5-9A713F07ADA7}
	EndGlobalSection
EndGlobal
